{
  "nodes": {
    "compat": {
      "flake": false,
      "locked": {
        "lastModified": 1787600186,
        "narHash": "sha256-PTXi22JGF6pSaNC5skwYmpMNiPeapao18bSJt8UyFRY=",
        "owner": "emacs-compat",
        "repo": "compat",
        "rev": "3e24d9740a5dc103ef40b148520e0187b19b8902",
        "type": "github"
      },
      "original": {
        "owner": "emacs-compat",
        "repo": "compat",
        "type": "github"
      }
    },
    "cond-let": {
      "flake": false,
      "locked": {
        "lastModified": 1786942347,
        "narHash": "sha256-9CIx1lsvScLuveMjOV/KBoMQ5lBZQUMz5rdQk8tXkhw=",
        "owner": "tarsius",
        "repo": "cond-let",
        "rev": "bbe1f1c7389b16ad0e6c3bc7b28ba8fb27afb6f5",
        "type": "github"
      },
      "original": {
        "owner": "tarsius",
        "repo": "cond-let",
        "type": "github"
      }
    },
    "llama": {
      "flake": false,
      "locked": {
        "lastModified": 1780325752,
        "narHash": "sha256-c1sk4iVTeDoSGBq6h7VPemdKhYi/P3UfLSJbd3MjyuM=",
        "owner": "tarsius",
        "repo": "llama",
        "rev": "4d4024048053b898a01521046e0f063ee47615b0",
        "type": "github"
      },
      "original": {
        "owner": "tarsius",
        "repo": "llama",
        "type": "github"
      }
    },
    "magit-section": {
      "flake": false,
      "locked": {
        "lastModified": 1787399895,
        "narHash": "sha256-PPX9Gt8Uv0A5o//FS81PaegZLOOBzLlVfopQ3SBX4cE=",
        "owner": "magit",
        "repo": "magit",
        "rev": "137f137dccb37097ae9caa31018cafa071ff4ec1",
        "type": "github"
      },
      "original": {
        "owner": "magit",
        "repo": "magit",
        "type": "github"
      }
    },
    "promise": {
      "flake": false,
      "locked": {
        "lastModified": 1615102078,
        "narHash": "sha256-p6HAx+uAQTWfUlPfJu0tk6x6EBxsSuRa+4n7Vd5rus8=",
        "owner": "chuntaro",
        "repo": "emacs-promise",
        "rev": "cec51feb5f957e8febe6325335cf57dc2db6be30",
        "type": "github"
      },
      "original": {
        "owner": "chuntaro",
        "repo": "emacs-promise",
        "type": "github"
      }
    },
    "root": {
      "inputs": {
        "compat": "compat",
        "cond-let": "cond-let",
        "llama": "llama",
        "magit-section": "magit-section",
        "promise": "promise",
        "s": "s"
      }
    },
    "s": {
      "flake": false,
      "locked": {
        "lastModified": 1785632874,
        "narHash": "sha256-C6T1Fh0t0YvcoMbTQpa3iRIMM0MV0f5HaZDhvmi/YaA=",
        "owner": "magnars",
        "repo": "s.el",
        "rev": "d7c04b84d03481a1ed62ee13dbe595224ccbe57c",
        "type": "github"
      },
      "original": {
        "owner": "magnars",
        "repo": "s.el",
        "type": "github"
      }
    }
  },
  "root": "root",
  "version": 7
}
