{
  "nodes": {
    "compat": {
      "flake": false,
      "locked": {
        "lastModified": 1720462948,
        "narHash": "sha256-IrShpeA17hFAzZsOjGk92OifWucL0XrNPFD5qBiShGc=",
        "owner": "emacs-compat",
        "repo": "compat",
        "rev": "09dce8a193c5a70277512263782b82fa1cba84c0",
        "type": "github"
      },
      "original": {
        "owner": "emacs-compat",
        "repo": "compat",
        "type": "github"
      }
    },
    "dash": {
      "flake": false,
      "locked": {
        "lastModified": 1715347628,
        "narHash": "sha256-at42NCcdF9g7a55asnOCSqsvG+XhWuvVsHFT6kU9f9o=",
        "owner": "magnars",
        "repo": "dash.el",
        "rev": "1de9dcb83eacfb162b6d9a118a4770b1281bcd84",
        "type": "github"
      },
      "original": {
        "owner": "magnars",
        "repo": "dash.el",
        "type": "github"
      }
    },
    "magit-section": {
      "flake": false,
      "locked": {
        "lastModified": 1721513120,
        "narHash": "sha256-7ogxgB/hqEVEe8V7T3wfm+CbyCxExjWQmICjqATy+O8=",
        "owner": "magit",
        "repo": "magit",
        "rev": "538cb2f90b5fdd04fcaacd537834f4f3c8c0720f",
        "type": "github"
      },
      "original": {
        "owner": "magit",
        "repo": "magit",
        "type": "github"
      }
    },
    "promise": {
      "flake": false,
      "locked": {
        "lastModified": 1615102078,
        "narHash": "sha256-p6HAx+uAQTWfUlPfJu0tk6x6EBxsSuRa+4n7Vd5rus8=",
        "owner": "chuntaro",
        "repo": "emacs-promise",
        "rev": "cec51feb5f957e8febe6325335cf57dc2db6be30",
        "type": "github"
      },
      "original": {
        "owner": "chuntaro",
        "repo": "emacs-promise",
        "type": "github"
      }
    },
    "root": {
      "inputs": {
        "compat": "compat",
        "dash": "dash",
        "magit-section": "magit-section",
        "promise": "promise",
        "s": "s"
      }
    },
    "s": {
      "flake": false,
      "locked": {
        "lastModified": 1681482914,
        "narHash": "sha256-fbF/SyPwEiJICaPBq0xWj2yLWjdNwkaLF2iYvZ2EO1k=",
        "owner": "magnars",
        "repo": "s.el",
        "rev": "dda84d38fffdaf0c9b12837b504b402af910d01d",
        "type": "github"
      },
      "original": {
        "owner": "magnars",
        "repo": "s.el",
        "type": "github"
      }
    }
  },
  "root": "root",
  "version": 7
}
