{
  "nodes": {
    "elisp-helpers": {
      "flake": false,
      "locked": {
        "lastModified": 1672979728,
        "narHash": "sha256-q2/nvwut3oVchfbnI81icUbWQSB4SpqYe3TZLpnwofo=",
        "owner": "emacs-twist",
        "repo": "elisp-helpers",
        "rev": "7aeaed72db33d115959e718068a91a7b41d90cce",
        "type": "github"
      },
      "original": {
        "owner": "emacs-twist",
        "repo": "elisp-helpers",
        "type": "github"
      }
    },
    "elsa": {
      "flake": false,
      "locked": {
        "lastModified": 1645647680,
        "narHash": "sha256-uEX4T4VAIBiiSUfLXko/mxOghlz794GgVfD21jqJ3F0=",
        "owner": "emacs-elsa",
        "repo": "Elsa",
        "rev": "21ed4f46e2d02ffb48b3ae377b0c93732ccf3f4f",
        "type": "github"
      },
      "original": {
        "owner": "emacs-elsa",
        "repo": "Elsa",
        "type": "github"
      }
    },
    "emacs": {
      "flake": false,
      "locked": {
        "lastModified": 1670131884,
        "narHash": "sha256-KqoWjqdoIdLg9r4DvRUa16Y6UkP2onR/QzvcuuP6TDU=",
        "owner": "emacs-mirror",
        "repo": "emacs",
        "rev": "be67cc276a95a97a329fa633fef686ba06c8e6d2",
        "type": "github"
      },
      "original": {
        "owner": "emacs-mirror",
        "repo": "emacs",
        "type": "github"
      }
    },
    "emacs-ci": {
      "flake": false,
      "locked": {
        "lastModified": 1672942330,
        "narHash": "sha256-Qv3y7Sih5LUXXCYZ+nPAmh9+iuFoAKDNtmLhOkUfXzw=",
        "owner": "purcell",
        "repo": "nix-emacs-ci",
        "rev": "374e9af262322f8386d3a77b05fcadc96bfb7339",
        "type": "github"
      },
      "original": {
        "owner": "purcell",
        "repo": "nix-emacs-ci",
        "type": "github"
      }
    },
    "epkgs": {
      "flake": false,
      "locked": {
        "lastModified": 1671238408,
        "narHash": "sha256-A8Cuo2y2zl5D8nAXdh7f9bCkEvpoMG3B6Cx1mFaVaaI=",
        "owner": "emacsmirror",
        "repo": "epkgs",
        "rev": "e0dcfa2204f391c6f3022a2c941401af37f03870",
        "type": "github"
      },
      "original": {
        "owner": "emacsmirror",
        "repo": "epkgs",
        "type": "github"
      }
    },
    "flake-utils": {
      "locked": {
        "lastModified": 1667395993,
        "narHash": "sha256-nuEHfE/LcWyuSWnS8t12N1wc105Qtau+/OdUAjtQ0rA=",
        "owner": "numtide",
        "repo": "flake-utils",
        "rev": "5aed5285a952e0b949eb3ba02c12fa4fcfef535f",
        "type": "github"
      },
      "original": {
        "owner": "numtide",
        "repo": "flake-utils",
        "type": "github"
      }
    },
    "fromElisp": {
      "flake": false,
      "locked": {
        "lastModified": 1649625973,
        "narHash": "sha256-y/7IsibjBGY3uUN9K/VMKPTVAbgsV0Xdi8Hnv6Nq76E=",
        "owner": "talyz",
        "repo": "fromElisp",
        "rev": "edd1301d1fc35440ae6c918ca92039233e3d770f",
        "type": "github"
      },
      "original": {
        "owner": "talyz",
        "repo": "fromElisp",
        "type": "github"
      }
    },
    "gitignore": {
      "inputs": {
        "nixpkgs": [
          "nomake",
          "nixpkgs"
        ]
      },
      "locked": {
        "lastModified": 1660459072,
        "narHash": "sha256-8DFJjXG8zqoONA1vXtgeKXy68KdJL5UaXR8NtVMUbx8=",
        "owner": "hercules-ci",
        "repo": "gitignore.nix",
        "rev": "a20de23b925fd8264fd7fad6454652e142fd7f73",
        "type": "github"
      },
      "original": {
        "owner": "hercules-ci",
        "repo": "gitignore.nix",
        "type": "github"
      }
    },
    "gnu-elpa": {
      "flake": false,
      "locked": {
        "lastModified": 1672753584,
        "narHash": "sha256-4jfzEeh3XJCp0B8mvV4rzELASxeHkMjFHDDLwkoYKJc=",
        "ref": "main",
        "rev": "7dee6970794c0850bc0409f950abf7950ef365a7",
        "revCount": 478,
        "type": "git",
        "url": "https://git.savannah.gnu.org/git/emacs/elpa.git"
      },
      "original": {
        "ref": "main",
        "type": "git",
        "url": "https://git.savannah.gnu.org/git/emacs/elpa.git"
      }
    },
    "melpa": {
      "flake": false,
      "locked": {
        "lastModified": 1669748711,
        "narHash": "sha256-gDVKXVwLvE9zm7Tz4vnbIl9Ll7gFetuDLTGdpMo54xY=",
        "owner": "akirak",
        "repo": "melpa",
        "rev": "cd73894b5dd73d5bee4cd4531851b1ca44857e8d",
        "type": "github"
      },
      "original": {
        "owner": "akirak",
        "ref": "nix3",
        "repo": "melpa",
        "type": "github"
      }
    },
    "nixpkgs": {
      "locked": {
        "lastModified": 0,
        "narHash": "sha256-Ctij+dOi0ZZIfX5eMhgwugfvB+WZSrvVNAyAuANOsnQ=",
        "path": "/nix/store/m2vv0bxfchzrjngx8wi0i7dhzb9q2g50-source",
        "type": "path"
      },
      "original": {
        "id": "nixpkgs",
        "type": "indirect"
      }
    },
    "nomake": {
      "inputs": {
        "elsa": "elsa",
        "emacs": "emacs",
        "emacs-ci": "emacs-ci",
        "epkgs": "epkgs",
        "flake-utils": "flake-utils",
        "gitignore": "gitignore",
        "gnu-elpa": [
          "gnu-elpa"
        ],
        "melpa": [
          "melpa"
        ],
        "nixpkgs": "nixpkgs",
        "package-lint": "package-lint",
        "twist": "twist"
      },
      "locked": {
        "lastModified": 1672980147,
        "narHash": "sha256-3IqqeKWymPe2M7BAIyvUUaDv8+/fIPz9Jf+x1LCRPDw=",
        "owner": "emacs-twist",
        "repo": "nomake",
        "rev": "36f5b26bea430de71163cf3d52249c45b51f4e23",
        "type": "github"
      },
      "original": {
        "owner": "emacs-twist",
        "repo": "nomake",
        "type": "github"
      }
    },
    "package-lint": {
      "flake": false,
      "locked": {
        "lastModified": 1664814981,
        "narHash": "sha256-5uza8wm6XKZUnLTp+vLOInTfUnGVGTWF4Dl0b8a72mA=",
        "owner": "purcell",
        "repo": "package-lint",
        "rev": "4ea8318c1bf79ccb1b4658d58917bbd9f990c432",
        "type": "github"
      },
      "original": {
        "owner": "purcell",
        "repo": "package-lint",
        "type": "github"
      }
    },
    "root": {
      "inputs": {
        "gnu-elpa": "gnu-elpa",
        "melpa": "melpa",
        "nomake": "nomake"
      }
    },
    "twist": {
      "inputs": {
        "elisp-helpers": "elisp-helpers",
        "fromElisp": "fromElisp"
      },
      "locked": {
        "lastModified": 1672979948,
        "narHash": "sha256-HlWwS6b19g4cpv8y8GaR2ha8DCkjW0eZf6Pm99SoWQI=",
        "owner": "emacs-twist",
        "repo": "twist.nix",
        "rev": "b5827460e403180d90193b7d230d08a4ed55b276",
        "type": "github"
      },
      "original": {
        "owner": "emacs-twist",
        "repo": "twist.nix",
        "type": "github"
      }
    }
  },
  "root": "root",
  "version": 7
}
