{
  "nodes": {
    "compat": {
      "flake": false,
      "locked": {
        "lastModified": 1669157406,
        "narHash": "sha256-gF67NJPKM+UtB1glp5mee8R0pSYbJpDr+U2ycC6DLe0=",
        "ref": "refs/heads/master",
        "rev": "1573aa2e6d478c30cc7f394b72cbaa4db77ef811",
        "revCount": 418,
        "type": "git",
        "url": "https://git.sr.ht/~pkal/compat"
      },
      "original": {
        "type": "git",
        "url": "https://git.sr.ht/~pkal/compat"
      }
    },
    "dash": {
      "flake": false,
      "locked": {
        "lastModified": 1665650208,
        "narHash": "sha256-b0dAQPHOv0oZkmkV/0kHqSWwz45W1mWrx1Iv83/M6B0=",
        "owner": "magnars",
        "repo": "dash.el",
        "rev": "3df46d7d9fe74f52a661565888e4d31fd760f0df",
        "type": "github"
      },
      "original": {
        "owner": "magnars",
        "repo": "dash.el",
        "type": "github"
      }
    },
    "magit-nix3": {
      "flake": false,
      "locked": {
        "lastModified": 1669645993,
        "narHash": "sha256-Dt+VD4VpHop1yXRd7iMJxyeW/jv7edxUmq88nXcBeXM=",
        "owner": "emacs-twist",
        "repo": "nix3.el",
        "rev": "6ae0523df942efdd1eafd992e357e9016329ab3a",
        "type": "github"
      },
      "original": {
        "owner": "emacs-twist",
        "repo": "nix3.el",
        "type": "github"
      }
    },
    "magit-section": {
      "flake": false,
      "locked": {
        "lastModified": 1669588046,
        "narHash": "sha256-cCKu+EbL7BUZtinxo7Rd2jiZuFf9AVg7NEm1YsI9094=",
        "owner": "magit",
        "repo": "magit",
        "rev": "3cf308c1c4cdb9404e3d3c6f9935ad9f628311d9",
        "type": "github"
      },
      "original": {
        "owner": "magit",
        "repo": "magit",
        "type": "github"
      }
    },
    "nix3": {
      "flake": false,
      "locked": {
        "lastModified": 1669645993,
        "narHash": "sha256-Dt+VD4VpHop1yXRd7iMJxyeW/jv7edxUmq88nXcBeXM=",
        "owner": "emacs-twist",
        "repo": "nix3.el",
        "rev": "6ae0523df942efdd1eafd992e357e9016329ab3a",
        "type": "github"
      },
      "original": {
        "owner": "emacs-twist",
        "repo": "nix3.el",
        "type": "github"
      }
    },
    "promise": {
      "flake": false,
      "locked": {
        "lastModified": 1615102078,
        "narHash": "sha256-p6HAx+uAQTWfUlPfJu0tk6x6EBxsSuRa+4n7Vd5rus8=",
        "owner": "chuntaro",
        "repo": "emacs-promise",
        "rev": "cec51feb5f957e8febe6325335cf57dc2db6be30",
        "type": "github"
      },
      "original": {
        "owner": "chuntaro",
        "repo": "emacs-promise",
        "type": "github"
      }
    },
    "root": {
      "inputs": {
        "compat": "compat",
        "dash": "dash",
        "magit-nix3": "magit-nix3",
        "magit-section": "magit-section",
        "nix3": "nix3",
        "promise": "promise",
        "s": "s"
      }
    },
    "s": {
      "flake": false,
      "locked": {
        "lastModified": 1662132008,
        "narHash": "sha256-rB+b9Z2KISHwYIgXm2g2EX/EUpA9NWDFfuzrj93dzAc=",
        "owner": "magnars",
        "repo": "s.el",
        "rev": "e957dcb0677da18b2bb60ad867db5df5c35b5616",
        "type": "github"
      },
      "original": {
        "owner": "magnars",
        "repo": "s.el",
        "type": "github"
      }
    }
  },
  "root": "root",
  "version": 7
}
