{
  "nodes": {
    "dash": {
      "flake": false,
      "locked": {
        "lastModified": 1632096711,
        "narHash": "sha256-oeIUEe5OGgij6IessN6bmS7re5r+D5BlrU4MOsaK3JE=",
        "owner": "magnars",
        "repo": "dash.el",
        "rev": "da167c51e9fd167a48d06c7c0ee8e3ac7abd9718",
        "type": "github"
      },
      "original": {
        "owner": "magnars",
        "repo": "dash.el",
        "type": "github"
      }
    },
    "magit-section": {
      "flake": false,
      "locked": {
        "lastModified": 1645782224,
        "narHash": "sha256-1WnaCtrV0CR+d+eodgLqakYPIp/h/KAoqzPQ6YOBpXk=",
        "owner": "magit",
        "repo": "magit",
        "rev": "44c58868c997f0b86d66faeed2f0b29064f8d0b9",
        "type": "github"
      },
      "original": {
        "owner": "magit",
        "repo": "magit",
        "type": "github"
      }
    },
    "nix26": {
      "flake": false,
      "locked": {
        "lastModified": 1644430244,
        "narHash": "sha256-ujfzpfnfcm1B9l5jZv2JFfR1X4/gGd6wpc+5+0j3MLQ=",
        "owner": "emacs-twist",
        "repo": "nix26.el",
        "rev": "7849c7f9bcfc63cebd0fc929d372a270c6040fb7",
        "type": "github"
      },
      "original": {
        "owner": "emacs-twist",
        "repo": "nix26.el",
        "type": "github"
      }
    },
    "promise": {
      "flake": false,
      "locked": {
        "lastModified": 1615102078,
        "narHash": "sha256-p6HAx+uAQTWfUlPfJu0tk6x6EBxsSuRa+4n7Vd5rus8=",
        "owner": "chuntaro",
        "repo": "emacs-promise",
        "rev": "cec51feb5f957e8febe6325335cf57dc2db6be30",
        "type": "github"
      },
      "original": {
        "owner": "chuntaro",
        "repo": "emacs-promise",
        "type": "github"
      }
    },
    "root": {
      "inputs": {
        "dash": "dash",
        "magit-section": "magit-section",
        "nix26": "nix26",
        "promise": "promise",
        "s": "s"
      }
    },
    "s": {
      "flake": false,
      "locked": {
        "lastModified": 1623824393,
        "narHash": "sha256-F0BrAlsxBskNzkyHriG3yNY+PZ7npYi1x98Ci5yVDAo=",
        "owner": "magnars",
        "repo": "s.el",
        "rev": "08661efb075d1c6b4fa812184c1e5e90c08795a9",
        "type": "github"
      },
      "original": {
        "owner": "magnars",
        "repo": "s.el",
        "type": "github"
      }
    }
  },
  "root": "root",
  "version": 7
}
